
Microsoft Visual Studio Solution File, Format Version 12.00
# Visual Studio Version 16
VisualStudioVersion = 16.0.30621.155
MinimumVisualStudioVersion = 10.0.40219.1
Project("{FAE04EC0-301F-11D3-BF4B-00C04F79EFBC}") = "Vidly", "Vidly.csproj", "{6B54BC5E-A01B-4607-9536-DCCA3A8595F5}"
EndProject
Global
	GlobalSection(SolutionConfigurationPlatforms) = preSolution
		Debug|Any CPU = Debug|Any CPU
		Release|Any CPU = Release|Any CPU
	EndGlobalSection
	GlobalSection(ProjectConfigurationPlatforms) = postSolution
		{6B54BC5E-A01B-4607-9536-DCCA3A8595F5}.Debug|Any CPU.ActiveCfg = Debug|Any CPU
		{6B54BC5E-A01B-4607-9536-DCCA3A8595F5}.Debug|Any CPU.Build.0 = Debug|Any CPU
		{6B54BC5E-A01B-4607-9536-DCCA3A8595F5}.Release|Any CPU.ActiveCfg = Release|Any CPU
		{6B54BC5E-A01B-4607-9536-DCCA3A8595F5}.Release|Any CPU.Build.0 = Release|Any CPU
	EndGlobalSection
	GlobalSection(SolutionProperties) = preSolution
		HideSolutionNode = FALSE
	EndGlobalSection
	GlobalSection(ExtensibilityGlobals) = postSolution
		SolutionGuid = {39B5AF3D-966C-4B4C-B8F4-56675AD0FD43}
	EndGlobalSection
EndGlobal
